
Microsoft Visual Studio Solution File, Format Version 12.00
# Visual Studio Version 17
VisualStudioVersion = 17.11.35222.181
MinimumVisualStudioVersion = 10.0.40219.1
Project("{FAE04EC0-301F-11D3-BF4B-00C04F79EFBC}") = "TechFix", "TechFix\TechFix.csproj", "{485307E9-A50D-49BD-83DC-3259F1DBB8D1}"
EndProject
Global
	GlobalSection(SolutionConfigurationPlatforms) = preSolution
		Debug|Any CPU = Debug|Any CPU
		Release|Any CPU = Release|Any CPU
	EndGlobalSection
	GlobalSection(ProjectConfigurationPlatforms) = postSolution
		{485307E9-A50D-49BD-83DC-3259F1DBB8D1}.Debug|Any CPU.ActiveCfg = Debug|Any CPU
		{485307E9-A50D-49BD-83DC-3259F1DBB8D1}.Debug|Any CPU.Build.0 = Debug|Any CPU
		{485307E9-A50D-49BD-83DC-3259F1DBB8D1}.Release|Any CPU.ActiveCfg = Release|Any CPU
		{485307E9-A50D-49BD-83DC-3259F1DBB8D1}.Release|Any CPU.Build.0 = Release|Any CPU
	EndGlobalSection
	GlobalSection(SolutionProperties) = preSolution
		HideSolutionNode = FALSE
	EndGlobalSection
	GlobalSection(ExtensibilityGlobals) = postSolution
		SolutionGuid = {E2A9878F-0BF6-4E0E-BADB-FC6CE38F3887}
	EndGlobalSection
EndGlobal
